{
  "nodes": {
    "flake-compat": {
      "flake": false,
      "locked": {
        "narHash": "sha256-vA2PyJuXo7dYGMqM48HSHRyTmTi4P8qnAnVOE2w3wxk=",
        "type": "file",
        "url": "https://flakehub.com/f/edolstra/flake-compat/1"
      },
      "original": {
        "type": "file",
        "url": "https://flakehub.com/f/edolstra/flake-compat/1"
      }
    },
    "nixpkgs": {
      "locked": {
        "lastModified": 1756754095,
        "narHash": "sha256-9Rsn9XEWINExosFkKEqdp8EI6Mujr1gmQiyrEcts2ls=",
        "rev": "7c815e513adbf03c9098b2bd230c1e0525c8a7f9",
        "revCount": 809261,
        "type": "tarball",
        "url": "https://api.flakehub.com/f/pinned/NixOS/nixpkgs/0.2505.809261%2Brev-7c815e513adbf03c9098b2bd230c1e0525c8a7f9/01990983-b955-725c-8944-65db1dca2de0/source.tar.gz"
      },
      "original": {
        "type": "tarball",
        "url": "https://flakehub.com/f/NixOS/nixpkgs/%2A"
      }
    },
    "root": {
      "inputs": {
        "flake-compat": "flake-compat",
        "nixpkgs": "nixpkgs"
      }
    }
  },
  "root": "root",
  "version": 7
}
